# THIS IS AN AUTOGENERATED FILE. DO NOT EDIT THIS FILE DIRECTLY.
# yarn lockfile v1


ansi-regex@^2.0.0:
  version "2.1.1"
  resolved "https://registry.yarnpkg.com/ansi-regex/-/ansi-regex-2.1.1.tgz#c3b33ab5ee360d86e0e628f0468ae7ef27d654df"
  integrity sha1-w7M6te42DYbg5ijwRorn7yfWVN8=

async@2.6.2:
  version "2.6.2"
  resolved "https://registry.yarnpkg.com/async/-/async-2.6.2.tgz#18330ea7e6e313887f5d2f2a904bac6fe4dd5381"
  integrity sha512-H1qVYh1MYhEEFLsP97cVKqCGo7KfCyTt6uEWqsTBr9SO84oK9Uwbyd/yCW+6rKJLHksBNUVWZDAjfS+Ccx0Bbg==
  dependencies:
    lodash "^4.17.11"

axios@0.18.0:
  version "0.18.0"
  resolved "https://registry.yarnpkg.com/axios/-/axios-0.18.0.tgz#32d53e4851efdc0a11993b6cd000789d70c05102"
  integrity sha1-MtU+SFHv3AoRmTts0AB4nXDAUQI=
  dependencies:
    follow-redirects "^1.3.0"
    is-buffer "^1.1.5"

bootstrap@3.3.5:
  version "3.3.5"
  resolved "https://registry.yarnpkg.com/bootstrap/-/bootstrap-3.3.5.tgz#1777ab79299b128d87dce7cbd86fdc46ac69c0b1"
  integrity sha1-F3ereSmbEo2H3OfL2G/cRqxpwLE=

bootstrap@~3.3.5:
  version "3.3.7"
  resolved "https://registry.yarnpkg.com/bootstrap/-/bootstrap-3.3.7.tgz#5a389394549f23330875a3b150656574f8a9eb71"
  integrity sha1-WjiTlFSfIzMIdaOxUGVldPip63E=

camelcase@^2.0.1:
  version "2.1.1"
  resolved "https://registry.yarnpkg.com/camelcase/-/camelcase-2.1.1.tgz#7c1d16d679a1bbe59ca02cacecfb011e201f5a1f"
  integrity sha1-fB0W1nmhu+WcoCys7PsBHiAfWh8=

chart.js@2.7.3:
  version "2.7.3"
  resolved "https://registry.yarnpkg.com/chart.js/-/chart.js-2.7.3.tgz#cdb61618830bf216dc887e2f7b1b3c228b73c57e"
  integrity sha512-3+7k/DbR92m6BsMUYP6M0dMsMVZpMnwkUyNSAbqolHKsbIzH2Q4LWVEHHYq7v0fmEV8whXE0DrjANulw9j2K5g==
  dependencies:
    chartjs-color "^2.1.0"
    moment "^2.10.2"

chartjs-color-string@^0.6.0:
  version "0.6.0"
  resolved "https://registry.yarnpkg.com/chartjs-color-string/-/chartjs-color-string-0.6.0.tgz#1df096621c0e70720a64f4135ea171d051402f71"
  integrity sha512-TIB5OKn1hPJvO7JcteW4WY/63v6KwEdt6udfnDE9iCAZgy+V4SrbSxoIbTw/xkUIapjEI4ExGtD0+6D3KyFd7A==
  dependencies:
    color-name "^1.0.0"

chartjs-color@^2.1.0:
  version "2.4.1"
  resolved "https://registry.yarnpkg.com/chartjs-color/-/chartjs-color-2.4.1.tgz#6118bba202fe1ea79dd7f7c0f9da93467296c3b0"
  integrity sha512-haqOg1+Yebys/Ts/9bLo/BqUcONQOdr/hoEr2LLTRl6C5LXctUdHxsCYfvQVg5JIxITrfCNUDr4ntqmQk9+/0w==
  dependencies:
    chartjs-color-string "^0.6.0"
    color-convert "^1.9.3"

cliui@^3.0.3:
  version "3.2.0"
  resolved "https://registry.yarnpkg.com/cliui/-/cliui-3.2.0.tgz#120601537a916d29940f934da3b48d585a39213d"
  integrity sha1-EgYBU3qRbSmUD5NNo7SNWFo5IT0=
  dependencies:
    string-width "^1.0.1"
    strip-ansi "^3.0.1"
    wrap-ansi "^2.0.0"

code-point-at@^1.0.0:
  version "1.1.0"
  resolved "https://registry.yarnpkg.com/code-point-at/-/code-point-at-1.1.0.tgz#0d070b4d043a5bea33a2f1a40e2edb3d9a4ccf77"
  integrity sha1-DQcLTQQ6W+ozovGkDi7bPZpMz3c=

color-convert@^1.9.3:
  version "1.9.3"
  resolved "https://registry.yarnpkg.com/color-convert/-/color-convert-1.9.3.tgz#bb71850690e1f136567de629d2d5471deda4c1e8"
  integrity sha512-QfAUtd+vFdAtFQcC8CCyYt1fYWxSqAiK2cSD6zDB8N3cpsEBAvRxp9zOGg6G/SHHJYAT88/az/IuDGALsNVbGg==
  dependencies:
    color-name "1.1.3"

color-name@1.1.3, color-name@^1.0.0:
  version "1.1.3"
  resolved "https://registry.yarnpkg.com/color-name/-/color-name-1.1.3.tgz#a7d0558bd89c42f795dd42328f740831ca53bc25"
  integrity sha1-p9BVi9icQveV3UIyj3QIMcpTvCU=

debug@^3.0.0:
  version "3.2.6"
  resolved "https://registry.yarnpkg.com/debug/-/debug-3.2.6.tgz#e83d17de16d8a7efb7717edbe5fb10135eee629b"
  integrity sha512-mel+jf7nrtEl5Pn1Qx46zARXKDpBbvzezse7p7LqINmdoIk8PYP5SySaxEmYv6TZ0JyEKA1hsCId6DIhgITtWQ==
  dependencies:
    ms "^2.1.1"

decamelize@^1.1.1:
  version "1.2.0"
  resolved "https://registry.yarnpkg.com/decamelize/-/decamelize-1.2.0.tgz#f6534d15148269b20352e7bee26f501f9a191290"
  integrity sha1-9lNNFRSCabIDUue+4m9QH5oZEpA=

docindex@0.0.5:
  version "0.0.5"
  resolved "https://registry.yarnpkg.com/docindex/-/docindex-0.0.5.tgz#82859480f7881296db8b96871e6400d0a2002713"
  integrity sha512-ZJO42jc/2c6U4ByOO+LTydY6gWEMuKwjGszt9dTQsHdRsKD3xYrIbgE4LxLLLhP5fbgp4+AB4AtB/Il3pj+2HA==
  dependencies:
    bootstrap "~3.3.5"
    jquery "~2.1.4"
    showdown "~1.2.2"
  optionalDependencies:
    jquery-ui "~1.12.1"

dom-parser@^0.1.6:
  version "0.1.6"
  resolved "https://registry.yarnpkg.com/dom-parser/-/dom-parser-0.1.6.tgz#696c633b535ab3291424eb5bf58ee426f64632ca"
  integrity sha512-3nVRKbLEwmGfghLoeT1dxlK/0votalnOfasP+8VCHYDfDuCETY4LeMblfOeqww6XZk2ymZ1Uewy/hVad6Dy3yw==

follow-redirects@^1.3.0:
  version "1.10.0"
  resolved "https://registry.yarnpkg.com/follow-redirects/-/follow-redirects-1.10.0.tgz#01f5263aee921c6a54fb91667f08f4155ce169eb"
  integrity sha512-4eyLK6s6lH32nOvLLwlIOnr9zrL8Sm+OvW4pVTJNoXeGzYIkHVf+pADQi+OJ0E67hiuSLezPVPyBcIZO50TmmQ==
  dependencies:
    debug "^3.0.0"

invert-kv@^1.0.0:
  version "1.0.0"
  resolved "https://registry.yarnpkg.com/invert-kv/-/invert-kv-1.0.0.tgz#104a8e4aaca6d3d8cd157a8ef8bfab2d7a3ffdb6"
  integrity sha1-EEqOSqym09jNFXqO+L+rLXo//bY=

is-buffer@^1.1.5:
  version "1.1.6"
  resolved "https://registry.yarnpkg.com/is-buffer/-/is-buffer-1.1.6.tgz#efaa2ea9daa0d7ab2ea13a97b2b8ad51fefbe8be"
  integrity sha512-NcdALwpXkTm5Zvvbk7owOUSvVvBKDgKP5/ewfXEznmQFfs4ZRmanOeKBTjRVjka3QFoN6XJ+9F3USqfHqTaU5w==

is-fullwidth-code-point@^1.0.0:
  version "1.0.0"
  resolved "https://registry.yarnpkg.com/is-fullwidth-code-point/-/is-fullwidth-code-point-1.0.0.tgz#ef9e31386f031a7f0d643af82fde50c457ef00cb"
  integrity sha1-754xOG8DGn8NZDr4L95QxFfvAMs=
  dependencies:
    number-is-nan "^1.0.0"

jquery-ui-dist@1.12.1:
  version "1.12.1"
  resolved "https://registry.yarnpkg.com/jquery-ui-dist/-/jquery-ui-dist-1.12.1.tgz#5c0815d3cc6f90ff5faaf5b268a6e23b4ca904fa"
  integrity sha1-XAgV08xvkP9fqvWyaKbiO0ypBPo=

jquery-ui@~1.12.1:
  version "1.12.1"
  resolved "https://registry.yarnpkg.com/jquery-ui/-/jquery-ui-1.12.1.tgz#bcb4045c8dd0539c134bc1488cdd3e768a7a9e51"
  integrity sha1-vLQEXI3QU5wTS8FIjN0+dop6nlE=

jquery@3.3.1:
  version "3.3.1"
  resolved "https://registry.yarnpkg.com/jquery/-/jquery-3.3.1.tgz#958ce29e81c9790f31be7792df5d4d95fc57fbca"
  integrity sha512-Ubldcmxp5np52/ENotGxlLe6aGMvmF4R8S6tZjsP6Knsaxd/xp3Zrh50cG93lR6nPXyUFwzN3ZSOQI0wRJNdGg==

jquery@>=1.12.0:
  version "3.4.1"
  resolved "https://registry.yarnpkg.com/jquery/-/jquery-3.4.1.tgz#714f1f8d9dde4bdfa55764ba37ef214630d80ef2"
  integrity sha512-36+AdBzCL+y6qjw5Tx7HgzeGCzC81MDDgaUP8ld2zhx58HdqXGoBd+tHdrBMiyjGQs0Hxs/MLZTu/eHNJJuWPw==

jquery@~2.1.4:
  version "2.1.4"
  resolved "https://registry.yarnpkg.com/jquery/-/jquery-2.1.4.tgz#228bde698a0c61431dc2630a6a154f15890d2317"
  integrity sha1-IoveaYoMYUMdwmMKahVPFYkNIxc=

jsgrid@1.5.3:
  version "1.5.3"
  resolved "https://registry.yarnpkg.com/jsgrid/-/jsgrid-1.5.3.tgz#b15fc426483153bee2b6b567312f675d92834a0d"
  integrity sha1-sV/EJkgxU77itrVnMS9nXZKDSg0=

lcid@^1.0.0:
  version "1.0.0"
  resolved "https://registry.yarnpkg.com/lcid/-/lcid-1.0.0.tgz#308accafa0bc483a3867b4b6f2b9506251d1b835"
  integrity sha1-MIrMr6C8SDo4Z7S28rlQYlHRuDU=
  dependencies:
    invert-kv "^1.0.0"

lodash@^4.17.11:
  version "4.17.15"
  resolved "https://registry.yarnpkg.com/lodash/-/lodash-4.17.15.tgz#b447f6670a0455bbfeedd11392eff330ea097548"
  integrity sha512-8xOcRHvCjnocdS5cpwXQXVzmmh5e5+saE2QGoeQmbKmRS6J3VQppPOIt0MnmE+4xlZoumy0GPG0D0MVIQbNA1A==

moment@^2.10.2:
  version "2.24.0"
  resolved "https://registry.yarnpkg.com/moment/-/moment-2.24.0.tgz#0d055d53f5052aa653c9f6eb68bb5d12bf5c2b5b"
  integrity sha512-bV7f+6l2QigeBBZSM/6yTNq4P2fNpSWj/0e7jQcy87A8e7o2nAfP/34/2ky5Vw4B9S446EtIhodAzkFCcR4dQg==

ms@^2.1.1:
  version "2.1.2"
  resolved "https://registry.yarnpkg.com/ms/-/ms-2.1.2.tgz#d09d1f357b443f493382a8eb3ccd183872ae6009"
  integrity sha512-sGkPx+VjMtmA6MX27oA4FBFELFCZZ4S4XqeGOXCv68tT+jb3vk/RyaKWP0PTKyWtmLSM0b+adUTEvbs1PEaH2w==

mustache@3.0.1:
  version "3.0.1"
  resolved "https://registry.yarnpkg.com/mustache/-/mustache-3.0.1.tgz#873855f23aa8a95b150fb96d9836edbc5a1d248a"
  integrity sha512-jFI/4UVRsRYdUbuDTKT7KzfOp7FiD5WzYmmwNwXyUVypC0xjoTL78Fqc0jHUPIvvGD+6DQSPHIt1NE7D1ArsqA==

number-is-nan@^1.0.0:
  version "1.0.1"
  resolved "https://registry.yarnpkg.com/number-is-nan/-/number-is-nan-1.0.1.tgz#097b602b53422a522c1afb8790318336941a011d"
  integrity sha1-CXtgK1NCKlIsGvuHkDGDNpQaAR0=

os-locale@^1.4.0:
  version "1.4.0"
  resolved "https://registry.yarnpkg.com/os-locale/-/os-locale-1.4.0.tgz#20f9f17ae29ed345e8bde583b13d2009803c14d9"
  integrity sha1-IPnxeuKe00XoveWDsT0gCYA8FNk=
  dependencies:
    lcid "^1.0.0"

router66@1.0.5:
  version "1.0.5"
  resolved "https://registry.yarnpkg.com/router66/-/router66-1.0.5.tgz#52fb2aa2f3d742fd1ae1de3c5860e9049a45a66c"
  integrity sha512-iJff3d787MYVmxrGslUzr+6BCFhY9hX9IPP7Kn8cJXxAXMhDFx7GP9/o/2BttHcwG5kW1i/6TcO292WyESZiRQ==

showdown@1.2.2:
  version "1.2.2"
  resolved "https://registry.yarnpkg.com/showdown/-/showdown-1.2.2.tgz#6c746d7d572be2f25d2b92bed9c4973adeedb2d6"
  integrity sha1-bHRtfVcr4vJdK5K+2cSXOt7tstY=
  dependencies:
    yargs "^3.15.0"

showdown@~1.2.2:
  version "1.2.3"
  resolved "https://registry.yarnpkg.com/showdown/-/showdown-1.2.3.tgz#8b0d806f8d57c225518ce23c434869de1525f98a"
  integrity sha1-iw2Ab41XwiVRjOI8Q0hp3hUl+Yo=
  dependencies:
    yargs "^3.15.0"

spin.js@2.3.2:
  version "2.3.2"
  resolved "https://registry.yarnpkg.com/spin.js/-/spin.js-2.3.2.tgz#6caa56d520673450fd5cfbc6971e6d0772c37a1a"
  integrity sha1-bKpW1SBnNFD9XPvGlx5tB3LDeho=

string-width@^1.0.1:
  version "1.0.2"
  resolved "https://registry.yarnpkg.com/string-width/-/string-width-1.0.2.tgz#118bdf5b8cdc51a2a7e70d211e07e2b0b9b107d3"
  integrity sha1-EYvfW4zcUaKn5w0hHgfisLmxB9M=
  dependencies:
    code-point-at "^1.0.0"
    is-fullwidth-code-point "^1.0.0"
    strip-ansi "^3.0.0"

strip-ansi@^3.0.0, strip-ansi@^3.0.1:
  version "3.0.1"
  resolved "https://registry.yarnpkg.com/strip-ansi/-/strip-ansi-3.0.1.tgz#6a385fb8853d952d5ff05d0e8aaf94278dc63dcf"
  integrity sha1-ajhfuIU9lS1f8F0Oiq+UJ43GPc8=
  dependencies:
    ansi-regex "^2.0.0"

toastr@2.1.4:
  version "2.1.4"
  resolved "https://registry.yarnpkg.com/toastr/-/toastr-2.1.4.tgz#8b43be64fb9d0c414871446f2db8e8ca4e95f181"
  integrity sha1-i0O+ZPudDEFIcURvLbjoyk6V8YE=
  dependencies:
    jquery ">=1.12.0"

window-size@^0.1.4:
  version "0.1.4"
  resolved "https://registry.yarnpkg.com/window-size/-/window-size-0.1.4.tgz#f8e1aa1ee5a53ec5bf151ffa09742a6ad7697876"
  integrity sha1-+OGqHuWlPsW/FR/6CXQqatdpeHY=

wolfy87-eventemitter@5.2.9:
  version "5.2.9"
  resolved "https://registry.yarnpkg.com/wolfy87-eventemitter/-/wolfy87-eventemitter-5.2.9.tgz#e879f770b30fbb6512a8afbb330c388591099c2a"
  integrity sha512-P+6vtWyuDw+MB01X7UeF8TaHBvbCovf4HPEMF/SV7BdDc1SMTiBy13SRD71lQh4ExFTG1d/WNzDGDCyOKSMblw==

wrap-ansi@^2.0.0:
  version "2.1.0"
  resolved "https://registry.yarnpkg.com/wrap-ansi/-/wrap-ansi-2.1.0.tgz#d8fc3d284dd05794fe84973caecdd1cf824fdd85"
  integrity sha1-2Pw9KE3QV5T+hJc8rs3Rz4JP3YU=
  dependencies:
    string-width "^1.0.1"
    strip-ansi "^3.0.1"

y18n@^3.2.0:
  version "3.2.1"
  resolved "https://registry.yarnpkg.com/y18n/-/y18n-3.2.1.tgz#6d15fba884c08679c0d77e88e7759e811e07fa41"
  integrity sha1-bRX7qITAhnnA136I53WegR4H+kE=

yargs@^3.15.0:
  version "3.32.0"
  resolved "https://registry.yarnpkg.com/yargs/-/yargs-3.32.0.tgz#03088e9ebf9e756b69751611d2a5ef591482c995"
  integrity sha1-AwiOnr+edWtpdRYR0qXvWRSCyZU=
  dependencies:
    camelcase "^2.0.1"
    cliui "^3.0.3"
    decamelize "^1.1.1"
    os-locale "^1.4.0"
    string-width "^1.0.1"
    window-size "^0.1.4"
    y18n "^3.2.0"
